
Microsoft Visual Studio Solution File, Format Version 12.00
# Visual Studio Version 17
VisualStudioVersion = 17.6.33815.320
MinimumVisualStudioVersion = 10.0.40219.1
Project("{FAE04EC0-301F-11D3-BF4B-00C04F79EFBC}") = "WebApplicationSample", "WebApplicationSample.csproj", "{AD15437D-BB6B-407A-8EFC-42DE2E54383C}"
EndProject
Global
	GlobalSection(SolutionConfigurationPlatforms) = preSolution
		Debug|Any CPU = Debug|Any CPU
		Release|Any CPU = Release|Any CPU
	EndGlobalSection
	GlobalSection(ProjectConfigurationPlatforms) = postSolution
		{AD15437D-BB6B-407A-8EFC-42DE2E54383C}.Debug|Any CPU.ActiveCfg = Debug|Any CPU
		{AD15437D-BB6B-407A-8EFC-42DE2E54383C}.Debug|Any CPU.Build.0 = Debug|Any CPU
		{AD15437D-BB6B-407A-8EFC-42DE2E54383C}.Release|Any CPU.ActiveCfg = Release|Any CPU
		{AD15437D-BB6B-407A-8EFC-42DE2E54383C}.Release|Any CPU.Build.0 = Release|Any CPU
	EndGlobalSection
	GlobalSection(SolutionProperties) = preSolution
		HideSolutionNode = FALSE
	EndGlobalSection
	GlobalSection(ExtensibilityGlobals) = postSolution
		SolutionGuid = {3271CCD2-7335-4113-8C5D-DD3FBE144297}
	EndGlobalSection
EndGlobal
