
Microsoft Visual Studio Solution File, Format Version 12.00
# Visual Studio Version 17
VisualStudioVersion = 17.11.35327.3
MinimumVisualStudioVersion = 10.0.40219.1
Project("{FAE04EC0-301F-11D3-BF4B-00C04F79EFBC}") = "FileClassifier", "FileClassifier.csproj", "{EB6BC4B9-3EE7-45DC-8FE1-F8B9C8A9C12D}"
EndProject
Project("{54435603-DBB4-11D2-8724-00A0C9A8B90C}") = "SimpleFileManager", "..\SetUp\SetUp.vdproj", "{2645448B-94AF-4539-81B2-B563302C4C05}"
EndProject
Global
	GlobalSection(SolutionConfigurationPlatforms) = preSolution
		Debug|Any CPU = Debug|Any CPU
		Release|Any CPU = Release|Any CPU
	EndGlobalSection
	GlobalSection(ProjectConfigurationPlatforms) = postSolution
		{EB6BC4B9-3EE7-45DC-8FE1-F8B9C8A9C12D}.Debug|Any CPU.ActiveCfg = Release|Any CPU
		{EB6BC4B9-3EE7-45DC-8FE1-F8B9C8A9C12D}.Debug|Any CPU.Build.0 = Release|Any CPU
		{EB6BC4B9-3EE7-45DC-8FE1-F8B9C8A9C12D}.Release|Any CPU.ActiveCfg = Release|Any CPU
		{EB6BC4B9-3EE7-45DC-8FE1-F8B9C8A9C12D}.Release|Any CPU.Build.0 = Release|Any CPU
		{2645448B-94AF-4539-81B2-B563302C4C05}.Debug|Any CPU.ActiveCfg = Release
		{2645448B-94AF-4539-81B2-B563302C4C05}.Debug|Any CPU.Build.0 = Release
		{2645448B-94AF-4539-81B2-B563302C4C05}.Release|Any CPU.ActiveCfg = Release
	EndGlobalSection
	GlobalSection(SolutionProperties) = preSolution
		HideSolutionNode = FALSE
	EndGlobalSection
	GlobalSection(ExtensibilityGlobals) = postSolution
		SolutionGuid = {34E3D0D8-D4D4-4DEB-BE7D-2D75BE59F5F0}
	EndGlobalSection
EndGlobal
