
Microsoft Visual Studio Solution File, Format Version 12.00
# Visual Studio Version 17
VisualStudioVersion = 17.6.33815.320
MinimumVisualStudioVersion = 10.0.40219.1
Project("{9A19103F-16F7-4668-BE54-9A1E7A4F7556}") = "MyAtCoderTest", "MyAtCoderTest.csproj", "{F6DC4DBB-B92F-4849-B72C-DA3074CB02DB}"
	ProjectSection(ProjectDependencies) = postProject
		{D420EC1E-F08A-470F-9807-F9E16A23D71D} = {D420EC1E-F08A-470F-9807-F9E16A23D71D}
	EndProjectSection
EndProject
Project("{9A19103F-16F7-4668-BE54-9A1E7A4F7556}") = "MyAtCorderLibrary", "..\MyAtCorderLibrary\MyAtCorderLibrary.csproj", "{D420EC1E-F08A-470F-9807-F9E16A23D71D}"
EndProject
Project("{FAE04EC0-301F-11D3-BF4B-00C04F79EFBC}") = "CodeExample", "..\CodeExample\CodeExample.csproj", "{13A25307-4891-42AB-A9B3-AF8A76632B4F}"
	ProjectSection(ProjectDependencies) = postProject
		{D420EC1E-F08A-470F-9807-F9E16A23D71D} = {D420EC1E-F08A-470F-9807-F9E16A23D71D}
	EndProjectSection
EndProject
Project("{2150E333-8FDC-42A3-9474-1A3956D46DE8}") = "LibrarySource", "LibrarySource", "{B314E601-6D84-44E3-8209-11B243AAE1AC}"
EndProject
Global
	GlobalSection(SolutionConfigurationPlatforms) = preSolution
		Debug|Any CPU = Debug|Any CPU
		Release|Any CPU = Release|Any CPU
	EndGlobalSection
	GlobalSection(ProjectConfigurationPlatforms) = postSolution
		{F6DC4DBB-B92F-4849-B72C-DA3074CB02DB}.Debug|Any CPU.ActiveCfg = Debug|Any CPU
		{F6DC4DBB-B92F-4849-B72C-DA3074CB02DB}.Debug|Any CPU.Build.0 = Debug|Any CPU
		{F6DC4DBB-B92F-4849-B72C-DA3074CB02DB}.Release|Any CPU.ActiveCfg = Release|Any CPU
		{F6DC4DBB-B92F-4849-B72C-DA3074CB02DB}.Release|Any CPU.Build.0 = Release|Any CPU
		{D420EC1E-F08A-470F-9807-F9E16A23D71D}.Debug|Any CPU.ActiveCfg = Debug|Any CPU
		{D420EC1E-F08A-470F-9807-F9E16A23D71D}.Debug|Any CPU.Build.0 = Debug|Any CPU
		{D420EC1E-F08A-470F-9807-F9E16A23D71D}.Release|Any CPU.ActiveCfg = Release|Any CPU
		{D420EC1E-F08A-470F-9807-F9E16A23D71D}.Release|Any CPU.Build.0 = Release|Any CPU
		{13A25307-4891-42AB-A9B3-AF8A76632B4F}.Debug|Any CPU.ActiveCfg = Debug|Any CPU
		{13A25307-4891-42AB-A9B3-AF8A76632B4F}.Debug|Any CPU.Build.0 = Debug|Any CPU
		{13A25307-4891-42AB-A9B3-AF8A76632B4F}.Release|Any CPU.ActiveCfg = Release|Any CPU
		{13A25307-4891-42AB-A9B3-AF8A76632B4F}.Release|Any CPU.Build.0 = Release|Any CPU
	EndGlobalSection
	GlobalSection(SolutionProperties) = preSolution
		HideSolutionNode = FALSE
	EndGlobalSection
	GlobalSection(NestedProjects) = preSolution
		{D420EC1E-F08A-470F-9807-F9E16A23D71D} = {B314E601-6D84-44E3-8209-11B243AAE1AC}
		{13A25307-4891-42AB-A9B3-AF8A76632B4F} = {B314E601-6D84-44E3-8209-11B243AAE1AC}
	EndGlobalSection
	GlobalSection(ExtensibilityGlobals) = postSolution
		SolutionGuid = {3466E62D-48B7-4807-B845-9AD03F559E99}
	EndGlobalSection
EndGlobal
